{
  "name": "@gtch/calendars",
  "version": "1.0.0",
  "lockfileVersion": 2,
  "requires": true,
  "packages": {
    "": {
      "name": "@gtch/calendars",
      "version": "1.0.0",
      "license": "MIT",
      "dependencies": {
        "@netlify/functions": "^2.6.0",
        "temporal-polyfill": "^0.2.4",
        "typescript": "^5.4.5"
      }
    },
    "node_modules/@netlify/functions": {
      "version": "2.6.0",
      "resolved": "https://registry.npmjs.org/@netlify/functions/-/functions-2.6.0.tgz",
      "integrity": "sha512-vU20tij0fb4nRGACqb+5SQvKd50JYyTyEhQetCMHdakcJFzjLDivvRR16u1G2Oy4A7xNAtGJF1uz8reeOtTVcQ==",
      "dependencies": {
        "@netlify/serverless-functions-api": "1.14.0"
      },
      "engines": {
        "node": ">=14.0.0"
      }
    },
    "node_modules/@netlify/node-cookies": {
      "version": "0.1.0",
      "resolved": "https://registry.npmjs.org/@netlify/node-cookies/-/node-cookies-0.1.0.tgz",
      "integrity": "sha512-OAs1xG+FfLX0LoRASpqzVntVV/RpYkgpI0VrUnw2u0Q1qiZUzcPffxRK8HF3gc4GjuhG5ahOEMJ9bswBiZPq0g==",
      "engines": {
        "node": "^14.16.0 || >=16.0.0"
      }
    },
    "node_modules/@netlify/serverless-functions-api": {
      "version": "1.14.0",
      "resolved": "https://registry.npmjs.org/@netlify/serverless-functions-api/-/serverless-functions-api-1.14.0.tgz",
      "integrity": "sha512-HUNETLNvNiC2J+SB/YuRwJA9+agPrc0azSoWVk8H85GC+YE114hcS5JW+dstpKwVerp2xILE3vNWN7IMXP5Q5Q==",
      "dependencies": {
        "@netlify/node-cookies": "^0.1.0",
        "urlpattern-polyfill": "8.0.2"
      },
      "engines": {
        "node": "^14.18.0 || >=16.0.0"
      }
    },
    "node_modules/temporal-polyfill": {
      "version": "0.2.4",
      "resolved": "https://registry.npmjs.org/temporal-polyfill/-/temporal-polyfill-0.2.4.tgz",
      "integrity": "sha512-WA5p0CjQTkMjF9m8sP4wSYgpqI8m2d4q7wPUyaJOWhy4bI9mReLb2yGvTV4qf/DPMTe6H6M/Dig5KmTMB7ev6Q==",
      "dependencies": {
        "temporal-spec": "^0.2.4"
      }
    },
    "node_modules/temporal-spec": {
      "version": "0.2.4",
      "resolved": "https://registry.npmjs.org/temporal-spec/-/temporal-spec-0.2.4.tgz",
      "integrity": "sha512-lDMFv4nKQrSjlkHKAlHVqKrBG4DyFfa9F74cmBZ3Iy3ed8yvWnlWSIdi4IKfSqwmazAohBNwiN64qGx4y5Q3IQ=="
    },
    "node_modules/typescript": {
      "version": "5.4.5",
      "resolved": "https://registry.npmjs.org/typescript/-/typescript-5.4.5.tgz",
      "integrity": "sha512-vcI4UpRgg81oIRUFwR0WSIHKt11nJ7SAVlYNIu+QpqeyXP+gpQJy/Z4+F0aGxSE4MqwjyXvW/TzgkLAx2AGHwQ==",
      "bin": {
        "tsc": "bin/tsc",
        "tsserver": "bin/tsserver"
      },
      "engines": {
        "node": ">=14.17"
      }
    },
    "node_modules/urlpattern-polyfill": {
      "version": "8.0.2",
      "resolved": "https://registry.npmjs.org/urlpattern-polyfill/-/urlpattern-polyfill-8.0.2.tgz",
      "integrity": "sha512-Qp95D4TPJl1kC9SKigDcqgyM2VDVO4RiJc2d4qe5GrYm+zbIQCWWKAFaJNQ4BhdFeDGwBmAxqJBwWSJDb9T3BQ=="
    }
  },
  "dependencies": {
    "@netlify/functions": {
      "version": "2.6.0",
      "resolved": "https://registry.npmjs.org/@netlify/functions/-/functions-2.6.0.tgz",
      "integrity": "sha512-vU20tij0fb4nRGACqb+5SQvKd50JYyTyEhQetCMHdakcJFzjLDivvRR16u1G2Oy4A7xNAtGJF1uz8reeOtTVcQ==",
      "requires": {
        "@netlify/serverless-functions-api": "1.14.0"
      }
    },
    "@netlify/node-cookies": {
      "version": "0.1.0",
      "resolved": "https://registry.npmjs.org/@netlify/node-cookies/-/node-cookies-0.1.0.tgz",
      "integrity": "sha512-OAs1xG+FfLX0LoRASpqzVntVV/RpYkgpI0VrUnw2u0Q1qiZUzcPffxRK8HF3gc4GjuhG5ahOEMJ9bswBiZPq0g=="
    },
    "@netlify/serverless-functions-api": {
      "version": "1.14.0",
      "resolved": "https://registry.npmjs.org/@netlify/serverless-functions-api/-/serverless-functions-api-1.14.0.tgz",
      "integrity": "sha512-HUNETLNvNiC2J+SB/YuRwJA9+agPrc0azSoWVk8H85GC+YE114hcS5JW+dstpKwVerp2xILE3vNWN7IMXP5Q5Q==",
      "requires": {
        "@netlify/node-cookies": "^0.1.0",
        "urlpattern-polyfill": "8.0.2"
      }
    },
    "temporal-polyfill": {
      "version": "0.2.4",
      "resolved": "https://registry.npmjs.org/temporal-polyfill/-/temporal-polyfill-0.2.4.tgz",
      "integrity": "sha512-WA5p0CjQTkMjF9m8sP4wSYgpqI8m2d4q7wPUyaJOWhy4bI9mReLb2yGvTV4qf/DPMTe6H6M/Dig5KmTMB7ev6Q==",
      "requires": {
        "temporal-spec": "^0.2.4"
      }
    },
    "temporal-spec": {
      "version": "0.2.4",
      "resolved": "https://registry.npmjs.org/temporal-spec/-/temporal-spec-0.2.4.tgz",
      "integrity": "sha512-lDMFv4nKQrSjlkHKAlHVqKrBG4DyFfa9F74cmBZ3Iy3ed8yvWnlWSIdi4IKfSqwmazAohBNwiN64qGx4y5Q3IQ=="
    },
    "typescript": {
      "version": "5.4.5",
      "resolved": "https://registry.npmjs.org/typescript/-/typescript-5.4.5.tgz",
      "integrity": "sha512-vcI4UpRgg81oIRUFwR0WSIHKt11nJ7SAVlYNIu+QpqeyXP+gpQJy/Z4+F0aGxSE4MqwjyXvW/TzgkLAx2AGHwQ=="
    },
    "urlpattern-polyfill": {
      "version": "8.0.2",
      "resolved": "https://registry.npmjs.org/urlpattern-polyfill/-/urlpattern-polyfill-8.0.2.tgz",
      "integrity": "sha512-Qp95D4TPJl1kC9SKigDcqgyM2VDVO4RiJc2d4qe5GrYm+zbIQCWWKAFaJNQ4BhdFeDGwBmAxqJBwWSJDb9T3BQ=="
    }
  }
}
